
Microsoft Visual Studio Solution File, Format Version 12.00
# Visual Studio Version 17
VisualStudioVersion = 17.6.33801.468
MinimumVisualStudioVersion = 10.0.40219.1
Project("{FAE04EC0-301F-11D3-BF4B-00C04F79EFBC}") = "commodity_exchange_application", "commodity_exchange_application\commodity_exchange_application.csproj", "{DF76932F-8F4E-43D0-B5B1-ACC02E936FE3}"
EndProject
Global
	GlobalSection(SolutionConfigurationPlatforms) = preSolution
		Debug|Any CPU = Debug|Any CPU
		Release|Any CPU = Release|Any CPU
	EndGlobalSection
	GlobalSection(ProjectConfigurationPlatforms) = postSolution
		{DF76932F-8F4E-43D0-B5B1-ACC02E936FE3}.Debug|Any CPU.ActiveCfg = Debug|Any CPU
		{DF76932F-8F4E-43D0-B5B1-ACC02E936FE3}.Debug|Any CPU.Build.0 = Debug|Any CPU
		{DF76932F-8F4E-43D0-B5B1-ACC02E936FE3}.Release|Any CPU.ActiveCfg = Release|Any CPU
		{DF76932F-8F4E-43D0-B5B1-ACC02E936FE3}.Release|Any CPU.Build.0 = Release|Any CPU
	EndGlobalSection
	GlobalSection(SolutionProperties) = preSolution
		HideSolutionNode = FALSE
	EndGlobalSection
	GlobalSection(ExtensibilityGlobals) = postSolution
		SolutionGuid = {2A4A629C-5D02-4602-BA66-439907C70355}
	EndGlobalSection
EndGlobal
